// !$*UTF8*$!
{
	archiveVersion = 1;
	classes = {
	};
	objectVersion = 46;
	objects = {

/* Begin PBXBuildFile section */
		0D2BDB2D1EE560D1004693BB /* DGLCSVTool.m in Sources */ = {isa = PBXBuildFile; fileRef = 0D2BDB261EE560D1004693BB /* DGLCSVTool.m */; };
		0D2BDB2E1EE560D1004693BB /* DGLPDFDrawer.m in Sources */ = {isa = PBXBuildFile; fileRef = 0D2BDB291EE560D1004693BB /* DGLPDFDrawer.m */; };
		0D2BDB2F1EE560D1004693BB /* AUTJsonManager.m in Sources */ = {isa = PBXBuildFile; fileRef = 0D2BDB2C1EE560D1004693BB /* AUTJsonManager.m */; };
		0D2BDB331EE5615A004693BB /* DGLLog.m in Sources */ = {isa = PBXBuildFile; fileRef = 0D2BDB321EE5615A004693BB /* DGLLog.m */; };
		0D2BDB371EE56239004693BB /* NSString+Regex.m in Sources */ = {isa = PBXBuildFile; fileRef = 0D2BDB361EE56239004693BB /* NSString+Regex.m */; };
		0D2BDB471EE56351004693BB /* CoordinateContextTools.m in Sources */ = {isa = PBXBuildFile; fileRef = 0D2BDB3B1EE56351004693BB /* CoordinateContextTools.m */; };
		0D2BDB481EE56351004693BB /* CoordinateDrawer.m in Sources */ = {isa = PBXBuildFile; fileRef = 0D2BDB3D1EE56351004693BB /* CoordinateDrawer.m */; };
		0D2BDB491EE56351004693BB /* UICoordinateDataView.m in Sources */ = {isa = PBXBuildFile; fileRef = 0D2BDB3F1EE56351004693BB /* UICoordinateDataView.m */; };
		0D2BDB4A1EE56351004693BB /* UICoordinateView.m in Sources */ = {isa = PBXBuildFile; fileRef = 0D2BDB411EE56351004693BB /* UICoordinateView.m */; };
		0D2BDB4B1EE56351004693BB /* UILiveDataGraphView.m in Sources */ = {isa = PBXBuildFile; fileRef = 0D2BDB431EE56351004693BB /* UILiveDataGraphView.m */; };
		0D2BDB4C1EE56351004693BB /* DGLGaugeView.m in Sources */ = {isa = PBXBuildFile; fileRef = 0D2BDB461EE56351004693BB /* DGLGaugeView.m */; };
		A5082112FF316D190A67617E /* Pods_DGLTools.framework in Frameworks */ = {isa = PBXBuildFile; fileRef = 08848EA04F0D5DAC02D332E8 /* Pods_DGLTools.framework */; };
		EF0215871D6AA6D2003F035F /* DGLWaterflowLayout.m in Sources */ = {isa = PBXBuildFile; fileRef = EF0215861D6AA6D2003F035F /* DGLWaterflowLayout.m */; };
		EF0CCA571D5876C00063719E /* main.m in Sources */ = {isa = PBXBuildFile; fileRef = EF0CCA561D5876C00063719E /* main.m */; };
		EF0CCA5A1D5876C00063719E /* AppDelegate.m in Sources */ = {isa = PBXBuildFile; fileRef = EF0CCA591D5876C00063719E /* AppDelegate.m */; };
		EF0CCA5D1D5876C00063719E /* ViewController.m in Sources */ = {isa = PBXBuildFile; fileRef = EF0CCA5C1D5876C00063719E /* ViewController.m */; };
		EF0CCA601D5876C00063719E /* Main.storyboard in Resources */ = {isa = PBXBuildFile; fileRef = EF0CCA5E1D5876C00063719E /* Main.storyboard */; };
		EF0CCA621D5876C00063719E /* Assets.xcassets in Resources */ = {isa = PBXBuildFile; fileRef = EF0CCA611D5876C00063719E /* Assets.xcassets */; };
		EF0CCA651D5876C00063719E /* LaunchScreen.storyboard in Resources */ = {isa = PBXBuildFile; fileRef = EF0CCA631D5876C00063719E /* LaunchScreen.storyboard */; };
		EF0CCA721D5877600063719E /* QRCodeManager.m in Sources */ = {isa = PBXBuildFile; fileRef = EF0CCA711D5877600063719E /* QRCodeManager.m */; };
		EF0CCA781D587AC60063719E /* QRCodeManager.swift in Sources */ = {isa = PBXBuildFile; fileRef = EF0CCA771D587AC60063719E /* QRCodeManager.swift */; };
		EF0CCA7C1D587C1F0063719E /* DGLHttpTool.m in Sources */ = {isa = PBXBuildFile; fileRef = EF0CCA7B1D587C1F0063719E /* DGLHttpTool.m */; };
		EF0CCA841D587E7C0063719E /* EncryptionTools.m in Sources */ = {isa = PBXBuildFile; fileRef = EF0CCA7F1D587E7C0063719E /* EncryptionTools.m */; };
		EF0CCA851D587E7C0063719E /* NSString+Hash.m in Sources */ = {isa = PBXBuildFile; fileRef = EF0CCA811D587E7C0063719E /* NSString+Hash.m */; };
		EF0CCA861D587E7C0063719E /* RSACryptor.m in Sources */ = {isa = PBXBuildFile; fileRef = EF0CCA831D587E7C0063719E /* RSACryptor.m */; };
		EF0CCA8B1D5880A70063719E /* NSDictionary+Log.m in Sources */ = {isa = PBXBuildFile; fileRef = EF0CCA8A1D5880A70063719E /* NSDictionary+Log.m */; };
		EF0CCA8F1D5881070063719E /* UIColor+Hex.m in Sources */ = {isa = PBXBuildFile; fileRef = EF0CCA8E1D5881070063719E /* UIColor+Hex.m */; };
		EF0CCA921D58820B0063719E /* SQLiteManager.swift in Sources */ = {isa = PBXBuildFile; fileRef = EF0CCA911D58820B0063719E /* SQLiteManager.swift */; };
		EF0CCA941D5882790063719E /* libsqlite3.0.tbd in Frameworks */ = {isa = PBXBuildFile; fileRef = EF0CCA931D5882790063719E /* libsqlite3.0.tbd */; };
		EF0CCA971D5883410063719E /* PhotoBrowserAnimator.swift in Sources */ = {isa = PBXBuildFile; fileRef = EF0CCA961D5883410063719E /* PhotoBrowserAnimator.swift */; };
		EF0CCA9D1D5884220063719E /* UIImage+Render.m in Sources */ = {isa = PBXBuildFile; fileRef = EF0CCA9A1D5884220063719E /* UIImage+Render.m */; };
		EF0CCA9E1D5884220063719E /* UIImageView+Download.m in Sources */ = {isa = PBXBuildFile; fileRef = EF0CCA9C1D5884220063719E /* UIImageView+Download.m */; };
		EF0CCAA61D58874A0063719E /* UIView+Frame.m in Sources */ = {isa = PBXBuildFile; fileRef = EF0CCAA51D58874A0063719E /* UIView+Frame.m */; };
		EF0CCAAA1D5887F80063719E /* DGLFileManager.m in Sources */ = {isa = PBXBuildFile; fileRef = EF0CCAA91D5887F80063719E /* DGLFileManager.m */; };
		EF1648E21D6EDC6F00B0BBAC /* FullView.m in Sources */ = {isa = PBXBuildFile; fileRef = EF1648DC1D6EDC6F00B0BBAC /* FullView.m */; };
		EF1648E31D6EDC6F00B0BBAC /* FullViewController.m in Sources */ = {isa = PBXBuildFile; fileRef = EF1648DE1D6EDC6F00B0BBAC /* FullViewController.m */; };
		EF1648E41D6EDC6F00B0BBAC /* VideoPlayView.m in Sources */ = {isa = PBXBuildFile; fileRef = EF1648E01D6EDC6F00B0BBAC /* VideoPlayView.m */; };
		EF1648E51D6EDC6F00B0BBAC /* VideoPlayView.xib in Resources */ = {isa = PBXBuildFile; fileRef = EF1648E11D6EDC6F00B0BBAC /* VideoPlayView.xib */; };
		EF1648F91D6EDDEB00B0BBAC /* bg_media_default@2x.jpg in Resources */ = {isa = PBXBuildFile; fileRef = EF1648E71D6EDDEB00B0BBAC /* bg_media_default@2x.jpg */; };
		EF1648FA1D6EDDEB00B0BBAC /* full_minimize_btn@2x.png in Resources */ = {isa = PBXBuildFile; fileRef = EF1648E81D6EDDEB00B0BBAC /* full_minimize_btn@2x.png */; };
		EF1648FB1D6EDDEB00B0BBAC /* full_minimize_btn@3x.png in Resources */ = {isa = PBXBuildFile; fileRef = EF1648E91D6EDDEB00B0BBAC /* full_minimize_btn@3x.png */; };
		EF1648FC1D6EDDEB00B0BBAC /* full_minimize_btn_hl@2x.png in Resources */ = {isa = PBXBuildFile; fileRef = EF1648EA1D6EDDEB00B0BBAC /* full_minimize_btn_hl@2x.png */; };
		EF1648FD1D6EDDEB00B0BBAC /* full_minimize_btn_hl@3x.png in Resources */ = {isa = PBXBuildFile; fileRef = EF1648EB1D6EDDEB00B0BBAC /* full_minimize_btn_hl@3x.png */; };
		EF1648FE1D6EDDEB00B0BBAC /* full_pause_btn@2x.png in Resources */ = {isa = PBXBuildFile; fileRef = EF1648EC1D6EDDEB00B0BBAC /* full_pause_btn@2x.png */; };
		EF1648FF1D6EDDEB00B0BBAC /* full_pause_btn@3x.png in Resources */ = {isa = PBXBuildFile; fileRef = EF1648ED1D6EDDEB00B0BBAC /* full_pause_btn@3x.png */; };
		EF1649001D6EDDEB00B0BBAC /* full_pause_btn_hl@2x.png in Resources */ = {isa = PBXBuildFile; fileRef = EF1648EE1D6EDDEB00B0BBAC /* full_pause_btn_hl@2x.png */; };
		EF1649011D6EDDEB00B0BBAC /* full_pause_btn_hl@3x.png in Resources */ = {isa = PBXBuildFile; fileRef = EF1648EF1D6EDDEB00B0BBAC /* full_pause_btn_hl@3x.png */; };
		EF1649021D6EDDEB00B0BBAC /* full_play_btn@2x.png in Resources */ = {isa = PBXBuildFile; fileRef = EF1648F01D6EDDEB00B0BBAC /* full_play_btn@2x.png */; };
		EF1649031D6EDDEB00B0BBAC /* full_play_btn@3x.png in Resources */ = {isa = PBXBuildFile; fileRef = EF1648F11D6EDDEB00B0BBAC /* full_play_btn@3x.png */; };
		EF1649041D6EDDEB00B0BBAC /* full_play_btn_hl@2x.png in Resources */ = {isa = PBXBuildFile; fileRef = EF1648F21D6EDDEB00B0BBAC /* full_play_btn_hl@2x.png */; };
		EF1649051D6EDDEB00B0BBAC /* full_play_btn_hl@3x.png in Resources */ = {isa = PBXBuildFile; fileRef = EF1648F31D6EDDEB00B0BBAC /* full_play_btn_hl@3x.png */; };
		EF1649061D6EDDEB00B0BBAC /* MaximumTrackImage@2x.png in Resources */ = {isa = PBXBuildFile; fileRef = EF1648F41D6EDDEB00B0BBAC /* MaximumTrackImage@2x.png */; };
		EF1649071D6EDDEB00B0BBAC /* mini_launchFullScreen_btn_hl@2x.png in Resources */ = {isa = PBXBuildFile; fileRef = EF1648F51D6EDDEB00B0BBAC /* mini_launchFullScreen_btn_hl@2x.png */; };
		EF1649081D6EDDEB00B0BBAC /* mini_launchFullScreen_btn_hl@3x.png in Resources */ = {isa = PBXBuildFile; fileRef = EF1648F61D6EDDEB00B0BBAC /* mini_launchFullScreen_btn_hl@3x.png */; };
		EF1649091D6EDDEB00B0BBAC /* MinimumTrackImage@2x.png in Resources */ = {isa = PBXBuildFile; fileRef = EF1648F71D6EDDEB00B0BBAC /* MinimumTrackImage@2x.png */; };
		EF16490A1D6EDDEB00B0BBAC /* thumbImage@2x.png in Resources */ = {isa = PBXBuildFile; fileRef = EF1648F81D6EDDEB00B0BBAC /* thumbImage@2x.png */; };
		EF4E64EA1D60B8FA0065F977 /* LRTableView.swift in Sources */ = {isa = PBXBuildFile; fileRef = EF4E64E91D60B8FA0065F977 /* LRTableView.swift */; };
		EF62E65D1D79B3C2003B2DEA /* NSObject+Model.m in Sources */ = {isa = PBXBuildFile; fileRef = EF62E65C1D79B3C2003B2DEA /* NSObject+Model.m */; };
		EF7003BE1D656171009C4566 /* UIImage+GetColor.m in Sources */ = {isa = PBXBuildFile; fileRef = EF7003BD1D656171009C4566 /* UIImage+GetColor.m */; };
		EF7005241D65D92E009C4566 /* NSDictionary+PropertyCode.m in Sources */ = {isa = PBXBuildFile; fileRef = EF7005231D65D92E009C4566 /* NSDictionary+PropertyCode.m */; };
		EFC33ECE1D6AF44D00787804 /* DGLFlowLayout.m in Sources */ = {isa = PBXBuildFile; fileRef = EFC33ECD1D6AF44D00787804 /* DGLFlowLayout.m */; };
		EFDC87D31D5A3B93007991DB /* LocationTools.swift in Sources */ = {isa = PBXBuildFile; fileRef = EFDC87D21D5A3B93007991DB /* LocationTools.swift */; };
/* End PBXBuildFile section */

/* Begin PBXFileReference section */
		08848EA04F0D5DAC02D332E8 /* Pods_DGLTools.framework */ = {isa = PBXFileReference; explicitFileType = wrapper.framework; includeInIndex = 0; path = Pods_DGLTools.framework; sourceTree = BUILT_PRODUCTS_DIR; };
		0D2BDB251EE560D1004693BB /* DGLCSVTool.h */ = {isa = PBXFileReference; fileEncoding = 4; lastKnownFileType = sourcecode.c.h; path = DGLCSVTool.h; sourceTree = "<group>"; };
		0D2BDB261EE560D1004693BB /* DGLCSVTool.m */ = {isa = PBXFileReference; fileEncoding = 4; lastKnownFileType = sourcecode.c.objc; path = DGLCSVTool.m; sourceTree = "<group>"; };
		0D2BDB281EE560D1004693BB /* DGLPDFDrawer.h */ = {isa = PBXFileReference; fileEncoding = 4; lastKnownFileType = sourcecode.c.h; path = DGLPDFDrawer.h; sourceTree = "<group>"; };
		0D2BDB291EE560D1004693BB /* DGLPDFDrawer.m */ = {isa = PBXFileReference; fileEncoding = 4; lastKnownFileType = sourcecode.c.objc; path = DGLPDFDrawer.m; sourceTree = "<group>"; };
		0D2BDB2B1EE560D1004693BB /* AUTJsonManager.h */ = {isa = PBXFileReference; fileEncoding = 4; lastKnownFileType = sourcecode.c.h; path = AUTJsonManager.h; sourceTree = "<group>"; };
		0D2BDB2C1EE560D1004693BB /* AUTJsonManager.m */ = {isa = PBXFileReference; fileEncoding = 4; lastKnownFileType = sourcecode.c.objc; path = AUTJsonManager.m; sourceTree = "<group>"; };
		0D2BDB311EE5615A004693BB /* DGLLog.h */ = {isa = PBXFileReference; fileEncoding = 4; lastKnownFileType = sourcecode.c.h; path = DGLLog.h; sourceTree = "<group>"; };
		0D2BDB321EE5615A004693BB /* DGLLog.m */ = {isa = PBXFileReference; fileEncoding = 4; lastKnownFileType = sourcecode.c.objc; path = DGLLog.m; sourceTree = "<group>"; };
		0D2BDB351EE56239004693BB /* NSString+Regex.h */ = {isa = PBXFileReference; fileEncoding = 4; lastKnownFileType = sourcecode.c.h; path = "NSString+Regex.h"; sourceTree = "<group>"; };
		0D2BDB361EE56239004693BB /* NSString+Regex.m */ = {isa = PBXFileReference; fileEncoding = 4; lastKnownFileType = sourcecode.c.objc; path = "NSString+Regex.m"; sourceTree = "<group>"; };
		0D2BDB3A1EE56351004693BB /* CoordinateContextTools.h */ = {isa = PBXFileReference; fileEncoding = 4; lastKnownFileType = sourcecode.c.h; path = CoordinateContextTools.h; sourceTree = "<group>"; };
		0D2BDB3B1EE56351004693BB /* CoordinateContextTools.m */ = {isa = PBXFileReference; fileEncoding = 4; lastKnownFileType = sourcecode.c.objc; path = CoordinateContextTools.m; sourceTree = "<group>"; };
		0D2BDB3C1EE56351004693BB /* CoordinateDrawer.h */ = {isa = PBXFileReference; fileEncoding = 4; lastKnownFileType = sourcecode.c.h; path = CoordinateDrawer.h; sourceTree = "<group>"; };
		0D2BDB3D1EE56351004693BB /* CoordinateDrawer.m */ = {isa = PBXFileReference; fileEncoding = 4; lastKnownFileType = sourcecode.c.objc; path = CoordinateDrawer.m; sourceTree = "<group>"; };
		0D2BDB3E1EE56351004693BB /* UICoordinateDataView.h */ = {isa = PBXFileReference; fileEncoding = 4; lastKnownFileType = sourcecode.c.h; path = UICoordinateDataView.h; sourceTree = "<group>"; };
		0D2BDB3F1EE56351004693BB /* UICoordinateDataView.m */ = {isa = PBXFileReference; fileEncoding = 4; lastKnownFileType = sourcecode.c.objc; path = UICoordinateDataView.m; sourceTree = "<group>"; };
		0D2BDB401EE56351004693BB /* UICoordinateView.h */ = {isa = PBXFileReference; fileEncoding = 4; lastKnownFileType = sourcecode.c.h; path = UICoordinateView.h; sourceTree = "<group>"; };
		0D2BDB411EE56351004693BB /* UICoordinateView.m */ = {isa = PBXFileReference; fileEncoding = 4; lastKnownFileType = sourcecode.c.objc; path = UICoordinateView.m; sourceTree = "<group>"; };
		0D2BDB421EE56351004693BB /* UILiveDataGraphView.h */ = {isa = PBXFileReference; fileEncoding = 4; lastKnownFileType = sourcecode.c.h; path = UILiveDataGraphView.h; sourceTree = "<group>"; };
		0D2BDB431EE56351004693BB /* UILiveDataGraphView.m */ = {isa = PBXFileReference; fileEncoding = 4; lastKnownFileType = sourcecode.c.objc; path = UILiveDataGraphView.m; sourceTree = "<group>"; };
		0D2BDB451EE56351004693BB /* DGLGaugeView.h */ = {isa = PBXFileReference; fileEncoding = 4; lastKnownFileType = sourcecode.c.h; path = DGLGaugeView.h; sourceTree = "<group>"; };
		0D2BDB461EE56351004693BB /* DGLGaugeView.m */ = {isa = PBXFileReference; fileEncoding = 4; lastKnownFileType = sourcecode.c.objc; path = DGLGaugeView.m; sourceTree = "<group>"; };
		95E9F4FDE6D17D68960FCD4C /* Pods-DGLTools.debug.xcconfig */ = {isa = PBXFileReference; includeInIndex = 1; lastKnownFileType = text.xcconfig; name = "Pods-DGLTools.debug.xcconfig"; path = "Pods/Target Support Files/Pods-DGLTools/Pods-DGLTools.debug.xcconfig"; sourceTree = "<group>"; };
		A765C8F9E35BFDF9E940BED9 /* Pods-DGLTools.release.xcconfig */ = {isa = PBXFileReference; includeInIndex = 1; lastKnownFileType = text.xcconfig; name = "Pods-DGLTools.release.xcconfig"; path = "Pods/Target Support Files/Pods-DGLTools/Pods-DGLTools.release.xcconfig"; sourceTree = "<group>"; };
		EF0215851D6AA6D2003F035F /* DGLWaterflowLayout.h */ = {isa = PBXFileReference; fileEncoding = 4; lastKnownFileType = sourcecode.c.h; path = DGLWaterflowLayout.h; sourceTree = "<group>"; };
		EF0215861D6AA6D2003F035F /* DGLWaterflowLayout.m */ = {isa = PBXFileReference; fileEncoding = 4; lastKnownFileType = sourcecode.c.objc; path = DGLWaterflowLayout.m; sourceTree = "<group>"; };
		EF0CCA521D5876C00063719E /* DGLTools.app */ = {isa = PBXFileReference; explicitFileType = wrapper.application; includeInIndex = 0; path = DGLTools.app; sourceTree = BUILT_PRODUCTS_DIR; };
		EF0CCA561D5876C00063719E /* main.m */ = {isa = PBXFileReference; lastKnownFileType = sourcecode.c.objc; path = main.m; sourceTree = "<group>"; };
		EF0CCA581D5876C00063719E /* AppDelegate.h */ = {isa = PBXFileReference; lastKnownFileType = sourcecode.c.h; path = AppDelegate.h; sourceTree = "<group>"; };
		EF0CCA591D5876C00063719E /* AppDelegate.m */ = {isa = PBXFileReference; lastKnownFileType = sourcecode.c.objc; path = AppDelegate.m; sourceTree = "<group>"; };
		EF0CCA5B1D5876C00063719E /* ViewController.h */ = {isa = PBXFileReference; lastKnownFileType = sourcecode.c.h; path = ViewController.h; sourceTree = "<group>"; };
		EF0CCA5C1D5876C00063719E /* ViewController.m */ = {isa = PBXFileReference; lastKnownFileType = sourcecode.c.objc; path = ViewController.m; sourceTree = "<group>"; };
		EF0CCA5F1D5876C00063719E /* Base */ = {isa = PBXFileReference; lastKnownFileType = file.storyboard; name = Base; path = Base.lproj/Main.storyboard; sourceTree = "<group>"; };
		EF0CCA611D5876C00063719E /* Assets.xcassets */ = {isa = PBXFileReference; lastKnownFileType = folder.assetcatalog; path = Assets.xcassets; sourceTree = "<group>"; };
		EF0CCA641D5876C00063719E /* Base */ = {isa = PBXFileReference; lastKnownFileType = file.storyboard; name = Base; path = Base.lproj/LaunchScreen.storyboard; sourceTree = "<group>"; };
		EF0CCA661D5876C00063719E /* Info.plist */ = {isa = PBXFileReference; lastKnownFileType = text.plist.xml; path = Info.plist; sourceTree = "<group>"; };
		EF0CCA701D5877600063719E /* QRCodeManager.h */ = {isa = PBXFileReference; fileEncoding = 4; lastKnownFileType = sourcecode.c.h; path = QRCodeManager.h; sourceTree = "<group>"; };
		EF0CCA711D5877600063719E /* QRCodeManager.m */ = {isa = PBXFileReference; fileEncoding = 4; lastKnownFileType = sourcecode.c.objc; path = QRCodeManager.m; sourceTree = "<group>"; };
		EF0CCA771D587AC60063719E /* QRCodeManager.swift */ = {isa = PBXFileReference; fileEncoding = 4; lastKnownFileType = sourcecode.swift; path = QRCodeManager.swift; sourceTree = "<group>"; };
		EF0CCA7A1D587C1F0063719E /* DGLHttpTool.h */ = {isa = PBXFileReference; fileEncoding = 4; lastKnownFileType = sourcecode.c.h; path = DGLHttpTool.h; sourceTree = "<group>"; };
		EF0CCA7B1D587C1F0063719E /* DGLHttpTool.m */ = {isa = PBXFileReference; fileEncoding = 4; lastKnownFileType = sourcecode.c.objc; path = DGLHttpTool.m; sourceTree = "<group>"; };
		EF0CCA7E1D587E7C0063719E /* EncryptionTools.h */ = {isa = PBXFileReference; fileEncoding = 4; lastKnownFileType = sourcecode.c.h; path = EncryptionTools.h; sourceTree = "<group>"; };
		EF0CCA7F1D587E7C0063719E /* EncryptionTools.m */ = {isa = PBXFileReference; fileEncoding = 4; lastKnownFileType = sourcecode.c.objc; path = EncryptionTools.m; sourceTree = "<group>"; };
		EF0CCA801D587E7C0063719E /* NSString+Hash.h */ = {isa = PBXFileReference; fileEncoding = 4; lastKnownFileType = sourcecode.c.h; path = "NSString+Hash.h"; sourceTree = "<group>"; };
		EF0CCA811D587E7C0063719E /* NSString+Hash.m */ = {isa = PBXFileReference; fileEncoding = 4; lastKnownFileType = sourcecode.c.objc; path = "NSString+Hash.m"; sourceTree = "<group>"; };
		EF0CCA821D587E7C0063719E /* RSACryptor.h */ = {isa = PBXFileReference; fileEncoding = 4; lastKnownFileType = sourcecode.c.h; path = RSACryptor.h; sourceTree = "<group>"; };
		EF0CCA831D587E7C0063719E /* RSACryptor.m */ = {isa = PBXFileReference; fileEncoding = 4; lastKnownFileType = sourcecode.c.objc; path = RSACryptor.m; sourceTree = "<group>"; };
		EF0CCA8A1D5880A70063719E /* NSDictionary+Log.m */ = {isa = PBXFileReference; fileEncoding = 4; lastKnownFileType = sourcecode.c.objc; path = "NSDictionary+Log.m"; sourceTree = "<group>"; };
		EF0CCA8D1D5881070063719E /* UIColor+Hex.h */ = {isa = PBXFileReference; fileEncoding = 4; lastKnownFileType = sourcecode.c.h; path = "UIColor+Hex.h"; sourceTree = "<group>"; };
		EF0CCA8E1D5881070063719E /* UIColor+Hex.m */ = {isa = PBXFileReference; fileEncoding = 4; lastKnownFileType = sourcecode.c.objc; path = "UIColor+Hex.m"; sourceTree = "<group>"; };
		EF0CCA911D58820B0063719E /* SQLiteManager.swift */ = {isa = PBXFileReference; fileEncoding = 4; lastKnownFileType = sourcecode.swift; path = SQLiteManager.swift; sourceTree = "<group>"; };
		EF0CCA931D5882790063719E /* libsqlite3.0.tbd */ = {isa = PBXFileReference; lastKnownFileType = "sourcecode.text-based-dylib-definition"; name = libsqlite3.0.tbd; path = usr/lib/libsqlite3.0.tbd; sourceTree = SDKROOT; };
		EF0CCA961D5883410063719E /* PhotoBrowserAnimator.swift */ = {isa = PBXFileReference; fileEncoding = 4; lastKnownFileType = sourcecode.swift; path = PhotoBrowserAnimator.swift; sourceTree = "<group>"; };
		EF0CCA991D5884220063719E /* UIImage+Render.h */ = {isa = PBXFileReference; fileEncoding = 4; lastKnownFileType = sourcecode.c.h; path = "UIImage+Render.h"; sourceTree = "<group>"; };
		EF0CCA9A1D5884220063719E /* UIImage+Render.m */ = {isa = PBXFileReference; fileEncoding = 4; lastKnownFileType = sourcecode.c.objc; path = "UIImage+Render.m"; sourceTree = "<group>"; };
		EF0CCA9B1D5884220063719E /* UIImageView+Download.h */ = {isa = PBXFileReference; fileEncoding = 4; lastKnownFileType = sourcecode.c.h; path = "UIImageView+Download.h"; sourceTree = "<group>"; };
		EF0CCA9C1D5884220063719E /* UIImageView+Download.m */ = {isa = PBXFileReference; fileEncoding = 4; lastKnownFileType = sourcecode.c.objc; path = "UIImageView+Download.m"; sourceTree = "<group>"; };
		EF0CCAA41D58874A0063719E /* UIView+Frame.h */ = {isa = PBXFileReference; fileEncoding = 4; lastKnownFileType = sourcecode.c.h; path = "UIView+Frame.h"; sourceTree = "<group>"; };
		EF0CCAA51D58874A0063719E /* UIView+Frame.m */ = {isa = PBXFileReference; fileEncoding = 4; lastKnownFileType = sourcecode.c.objc; path = "UIView+Frame.m"; sourceTree = "<group>"; };
		EF0CCAA81D5887F80063719E /* DGLFileManager.h */ = {isa = PBXFileReference; fileEncoding = 4; lastKnownFileType = sourcecode.c.h; path = DGLFileManager.h; sourceTree = "<group>"; };
		EF0CCAA91D5887F80063719E /* DGLFileManager.m */ = {isa = PBXFileReference; fileEncoding = 4; lastKnownFileType = sourcecode.c.objc; path = DGLFileManager.m; sourceTree = "<group>"; };
		EF1648DB1D6EDC6F00B0BBAC /* FullView.h */ = {isa = PBXFileReference; fileEncoding = 4; lastKnownFileType = sourcecode.c.h; path = FullView.h; sourceTree = "<group>"; };
		EF1648DC1D6EDC6F00B0BBAC /* FullView.m */ = {isa = PBXFileReference; fileEncoding = 4; lastKnownFileType = sourcecode.c.objc; path = FullView.m; sourceTree = "<group>"; };
		EF1648DD1D6EDC6F00B0BBAC /* FullViewController.h */ = {isa = PBXFileReference; fileEncoding = 4; lastKnownFileType = sourcecode.c.h; path = FullViewController.h; sourceTree = "<group>"; };
		EF1648DE1D6EDC6F00B0BBAC /* FullViewController.m */ = {isa = PBXFileReference; fileEncoding = 4; lastKnownFileType = sourcecode.c.objc; path = FullViewController.m; sourceTree = "<group>"; };
		EF1648DF1D6EDC6F00B0BBAC /* VideoPlayView.h */ = {isa = PBXFileReference; fileEncoding = 4; lastKnownFileType = sourcecode.c.h; path = VideoPlayView.h; sourceTree = "<group>"; };
		EF1648E01D6EDC6F00B0BBAC /* VideoPlayView.m */ = {isa = PBXFileReference; fileEncoding = 4; lastKnownFileType = sourcecode.c.objc; path = VideoPlayView.m; sourceTree = "<group>"; };
		EF1648E11D6EDC6F00B0BBAC /* VideoPlayView.xib */ = {isa = PBXFileReference; fileEncoding = 4; lastKnownFileType = file.xib; path = VideoPlayView.xib; sourceTree = "<group>"; };
		EF1648E71D6EDDEB00B0BBAC /* bg_media_default@2x.jpg */ = {isa = PBXFileReference; lastKnownFileType = image.jpeg; path = "bg_media_default@2x.jpg"; sourceTree = "<group>"; };
		EF1648E81D6EDDEB00B0BBAC /* full_minimize_btn@2x.png */ = {isa = PBXFileReference; lastKnownFileType = image.png; path = "full_minimize_btn@2x.png"; sourceTree = "<group>"; };
		EF1648E91D6EDDEB00B0BBAC /* full_minimize_btn@3x.png */ = {isa = PBXFileReference; lastKnownFileType = image.png; path = "full_minimize_btn@3x.png"; sourceTree = "<group>"; };
		EF1648EA1D6EDDEB00B0BBAC /* full_minimize_btn_hl@2x.png */ = {isa = PBXFileReference; lastKnownFileType = image.png; path = "full_minimize_btn_hl@2x.png"; sourceTree = "<group>"; };
		EF1648EB1D6EDDEB00B0BBAC /* full_minimize_btn_hl@3x.png */ = {isa = PBXFileReference; lastKnownFileType = image.png; path = "full_minimize_btn_hl@3x.png"; sourceTree = "<group>"; };
		EF1648EC1D6EDDEB00B0BBAC /* full_pause_btn@2x.png */ = {isa = PBXFileReference; lastKnownFileType = image.png; path = "full_pause_btn@2x.png"; sourceTree = "<group>"; };
		EF1648ED1D6EDDEB00B0BBAC /* full_pause_btn@3x.png */ = {isa = PBXFileReference; lastKnownFileType = image.png; path = "full_pause_btn@3x.png"; sourceTree = "<group>"; };
		EF1648EE1D6EDDEB00B0BBAC /* full_pause_btn_hl@2x.png */ = {isa = PBXFileReference; lastKnownFileType = image.png; path = "full_pause_btn_hl@2x.png"; sourceTree = "<group>"; };
		EF1648EF1D6EDDEB00B0BBAC /* full_pause_btn_hl@3x.png */ = {isa = PBXFileReference; lastKnownFileType = image.png; path = "full_pause_btn_hl@3x.png"; sourceTree = "<group>"; };
		EF1648F01D6EDDEB00B0BBAC /* full_play_btn@2x.png */ = {isa = PBXFileReference; lastKnownFileType = image.png; path = "full_play_btn@2x.png"; sourceTree = "<group>"; };
		EF1648F11D6EDDEB00B0BBAC /* full_play_btn@3x.png */ = {isa = PBXFileReference; lastKnownFileType = image.png; path = "full_play_btn@3x.png"; sourceTree = "<group>"; };
		EF1648F21D6EDDEB00B0BBAC /* full_play_btn_hl@2x.png */ = {isa = PBXFileReference; lastKnownFileType = image.png; path = "full_play_btn_hl@2x.png"; sourceTree = "<group>"; };
		EF1648F31D6EDDEB00B0BBAC /* full_play_btn_hl@3x.png */ = {isa = PBXFileReference; lastKnownFileType = image.png; path = "full_play_btn_hl@3x.png"; sourceTree = "<group>"; };
		EF1648F41D6EDDEB00B0BBAC /* MaximumTrackImage@2x.png */ = {isa = PBXFileReference; lastKnownFileType = image.png; path = "MaximumTrackImage@2x.png"; sourceTree = "<group>"; };
		EF1648F51D6EDDEB00B0BBAC /* mini_launchFullScreen_btn_hl@2x.png */ = {isa = PBXFileReference; lastKnownFileType = image.png; path = "mini_launchFullScreen_btn_hl@2x.png"; sourceTree = "<group>"; };
		EF1648F61D6EDDEB00B0BBAC /* mini_launchFullScreen_btn_hl@3x.png */ = {isa = PBXFileReference; lastKnownFileType = image.png; path = "mini_launchFullScreen_btn_hl@3x.png"; sourceTree = "<group>"; };
		EF1648F71D6EDDEB00B0BBAC /* MinimumTrackImage@2x.png */ = {isa = PBXFileReference; lastKnownFileType = image.png; path = "MinimumTrackImage@2x.png"; sourceTree = "<group>"; };
		EF1648F81D6EDDEB00B0BBAC /* thumbImage@2x.png */ = {isa = PBXFileReference; lastKnownFileType = image.png; path = "thumbImage@2x.png"; sourceTree = "<group>"; };
		EF4E64E91D60B8FA0065F977 /* LRTableView.swift */ = {isa = PBXFileReference; fileEncoding = 4; lastKnownFileType = sourcecode.swift; path = LRTableView.swift; sourceTree = "<group>"; };
		EF62E65B1D79B3C2003B2DEA /* NSObject+Model.h */ = {isa = PBXFileReference; fileEncoding = 4; lastKnownFileType = sourcecode.c.h; path = "NSObject+Model.h"; sourceTree = "<group>"; };
		EF62E65C1D79B3C2003B2DEA /* NSObject+Model.m */ = {isa = PBXFileReference; fileEncoding = 4; lastKnownFileType = sourcecode.c.objc; path = "NSObject+Model.m"; sourceTree = "<group>"; };
		EF7003BC1D656171009C4566 /* UIImage+GetColor.h */ = {isa = PBXFileReference; fileEncoding = 4; lastKnownFileType = sourcecode.c.h; path = "UIImage+GetColor.h"; sourceTree = "<group>"; };
		EF7003BD1D656171009C4566 /* UIImage+GetColor.m */ = {isa = PBXFileReference; fileEncoding = 4; lastKnownFileType = sourcecode.c.objc; path = "UIImage+GetColor.m"; sourceTree = "<group>"; };
		EF7005221D65D92E009C4566 /* NSDictionary+PropertyCode.h */ = {isa = PBXFileReference; fileEncoding = 4; lastKnownFileType = sourcecode.c.h; path = "NSDictionary+PropertyCode.h"; sourceTree = "<group>"; };
		EF7005231D65D92E009C4566 /* NSDictionary+PropertyCode.m */ = {isa = PBXFileReference; fileEncoding = 4; lastKnownFileType = sourcecode.c.objc; path = "NSDictionary+PropertyCode.m"; sourceTree = "<group>"; };
		EFC33ECC1D6AF44D00787804 /* DGLFlowLayout.h */ = {isa = PBXFileReference; fileEncoding = 4; lastKnownFileType = sourcecode.c.h; path = DGLFlowLayout.h; sourceTree = "<group>"; };
		EFC33ECD1D6AF44D00787804 /* DGLFlowLayout.m */ = {isa = PBXFileReference; fileEncoding = 4; lastKnownFileType = sourcecode.c.objc; path = DGLFlowLayout.m; sourceTree = "<group>"; };
		EFDC87D21D5A3B93007991DB /* LocationTools.swift */ = {isa = PBXFileReference; fileEncoding = 4; lastKnownFileType = sourcecode.swift; path = LocationTools.swift; sourceTree = "<group>"; };
/* End PBXFileReference section */

/* Begin PBXFrameworksBuildPhase section */
		EF0CCA4F1D5876C00063719E /* Frameworks */ = {
			isa = PBXFrameworksBuildPhase;
			buildActionMask = 2147483647;
			files = (
				EF0CCA941D5882790063719E /* libsqlite3.0.tbd in Frameworks */,
				A5082112FF316D190A67617E /* Pods_DGLTools.framework in Frameworks */,
			);
			runOnlyForDeploymentPostprocessing = 0;
		};
/* End PBXFrameworksBuildPhase section */

/* Begin PBXGroup section */
		0D2BDB241EE560D1004693BB /* DGLCSVTool */ = {
			isa = PBXGroup;
			children = (
				0D2BDB251EE560D1004693BB /* DGLCSVTool.h */,
				0D2BDB261EE560D1004693BB /* DGLCSVTool.m */,
			);
			path = DGLCSVTool;
			sourceTree = "<group>";
		};
		0D2BDB271EE560D1004693BB /* DGLPDFDrawer */ = {
			isa = PBXGroup;
			children = (
				0D2BDB281EE560D1004693BB /* DGLPDFDrawer.h */,
				0D2BDB291EE560D1004693BB /* DGLPDFDrawer.m */,
			);
			path = DGLPDFDrawer;
			sourceTree = "<group>";
		};
		0D2BDB2A1EE560D1004693BB /* JsonTool */ = {
			isa = PBXGroup;
			children = (
				0D2BDB2B1EE560D1004693BB /* AUTJsonManager.h */,
				0D2BDB2C1EE560D1004693BB /* AUTJsonManager.m */,
			);
			path = JsonTool;
			sourceTree = "<group>";
		};
		0D2BDB301EE5613E004693BB /* 收集打印日志 */ = {
			isa = PBXGroup;
			children = (
				0D2BDB311EE5615A004693BB /* DGLLog.h */,
				0D2BDB321EE5615A004693BB /* DGLLog.m */,
			);
			path = "收集打印日志";
			sourceTree = "<group>";
		};
		0D2BDB341EE56216004693BB /* 常用正则表达式 */ = {
			isa = PBXGroup;
			children = (
				0D2BDB351EE56239004693BB /* NSString+Regex.h */,
				0D2BDB361EE56239004693BB /* NSString+Regex.m */,
			);
			path = "常用正则表达式";
			sourceTree = "<group>";
		};
		0D2BDB381EE56351004693BB /* 绘制动态折线图 */ = {
			isa = PBXGroup;
			children = (
				0D2BDB391EE56351004693BB /* DrawCoordinate */,
				0D2BDB421EE56351004693BB /* UILiveDataGraphView.h */,
				0D2BDB431EE56351004693BB /* UILiveDataGraphView.m */,
			);
			path = "绘制动态折线图";
			sourceTree = "<group>";
		};
		0D2BDB391EE56351004693BB /* DrawCoordinate */ = {
			isa = PBXGroup;
			children = (
				0D2BDB3A1EE56351004693BB /* CoordinateContextTools.h */,
				0D2BDB3B1EE56351004693BB /* CoordinateContextTools.m */,
				0D2BDB3C1EE56351004693BB /* CoordinateDrawer.h */,
				0D2BDB3D1EE56351004693BB /* CoordinateDrawer.m */,
				0D2BDB3E1EE56351004693BB /* UICoordinateDataView.h */,
				0D2BDB3F1EE56351004693BB /* UICoordinateDataView.m */,
				0D2BDB401EE56351004693BB /* UICoordinateView.h */,
				0D2BDB411EE56351004693BB /* UICoordinateView.m */,
			);
			path = DrawCoordinate;
			sourceTree = "<group>";
		};
		0D2BDB441EE56351004693BB /* 绘制仪表盘 */ = {
			isa = PBXGroup;
			children = (
				0D2BDB451EE56351004693BB /* DGLGaugeView.h */,
				0D2BDB461EE56351004693BB /* DGLGaugeView.m */,
			);
			path = "绘制仪表盘";
			sourceTree = "<group>";
		};
		4DC63EA4E1B685148627FBD7 /* Pods */ = {
			isa = PBXGroup;
			children = (
				95E9F4FDE6D17D68960FCD4C /* Pods-DGLTools.debug.xcconfig */,
				A765C8F9E35BFDF9E940BED9 /* Pods-DGLTools.release.xcconfig */,
			);
			name = Pods;
			sourceTree = "<group>";
		};
		EAD6990C7809D18B054611FE /* Frameworks */ = {
			isa = PBXGroup;
			children = (
				EF0CCA931D5882790063719E /* libsqlite3.0.tbd */,
				08848EA04F0D5DAC02D332E8 /* Pods_DGLTools.framework */,
			);
			name = Frameworks;
			sourceTree = "<group>";
		};
		EF0215841D6AA6D2003F035F /* 自动布局 */ = {
			isa = PBXGroup;
			children = (
				EFC33ECC1D6AF44D00787804 /* DGLFlowLayout.h */,
				EFC33ECD1D6AF44D00787804 /* DGLFlowLayout.m */,
				EF0215851D6AA6D2003F035F /* DGLWaterflowLayout.h */,
				EF0215861D6AA6D2003F035F /* DGLWaterflowLayout.m */,
			);
			path = "自动布局";
			sourceTree = "<group>";
		};
		EF0CCA491D5876C00063719E = {
			isa = PBXGroup;
			children = (
				EF0CCA541D5876C00063719E /* DGLTools */,
				EF0CCA531D5876C00063719E /* Products */,
				4DC63EA4E1B685148627FBD7 /* Pods */,
				EAD6990C7809D18B054611FE /* Frameworks */,
			);
			sourceTree = "<group>";
		};
		EF0CCA531D5876C00063719E /* Products */ = {
			isa = PBXGroup;
			children = (
				EF0CCA521D5876C00063719E /* DGLTools.app */,
			);
			name = Products;
			sourceTree = "<group>";
		};
		EF0CCA541D5876C00063719E /* DGLTools */ = {
			isa = PBXGroup;
			children = (
				EF0CCA6C1D5877380063719E /* Tools */,
				EF0CCA551D5876C00063719E /* Supporting Files */,
			);
			path = DGLTools;
			sourceTree = "<group>";
		};
		EF0CCA551D5876C00063719E /* Supporting Files */ = {
			isa = PBXGroup;
			children = (
				EF0CCA581D5876C00063719E /* AppDelegate.h */,
				EF0CCA591D5876C00063719E /* AppDelegate.m */,
				EF0CCA5B1D5876C00063719E /* ViewController.h */,
				EF0CCA5C1D5876C00063719E /* ViewController.m */,
				EF0CCA5E1D5876C00063719E /* Main.storyboard */,
				EF0CCA611D5876C00063719E /* Assets.xcassets */,
				EF0CCA631D5876C00063719E /* LaunchScreen.storyboard */,
				EF0CCA661D5876C00063719E /* Info.plist */,
				EF0CCA561D5876C00063719E /* main.m */,
			);
			name = "Supporting Files";
			sourceTree = "<group>";
		};
		EF0CCA6C1D5877380063719E /* Tools */ = {
			isa = PBXGroup;
			children = (
				0D2BDB381EE56351004693BB /* 绘制动态折线图 */,
				0D2BDB441EE56351004693BB /* 绘制仪表盘 */,
				0D2BDB341EE56216004693BB /* 常用正则表达式 */,
				0D2BDB301EE5613E004693BB /* 收集打印日志 */,
				0D2BDB241EE560D1004693BB /* DGLCSVTool */,
				0D2BDB271EE560D1004693BB /* DGLPDFDrawer */,
				0D2BDB2A1EE560D1004693BB /* JsonTool */,
				EF62E65A1D79B3C2003B2DEA /* 字典转模型 */,
				EF1648DA1D6EDC6F00B0BBAC /* 自定义播放 */,
				EF0215841D6AA6D2003F035F /* 自动布局 */,
				EF4E64E81D60B8FA0065F977 /* 左右TableView */,
				EFDC87D11D5A3B93007991DB /* 定位相关 */,
				EF0CCAA71D5887F80063719E /* File相关 */,
				EF0CCAA31D58874A0063719E /* UIView相关 */,
				EF0CCA981D5884220063719E /* UIImage相关 */,
				EF0CCA951D5883410063719E /* 动画相关 */,
				EF0CCA901D5881DF0063719E /* SQLite_FMDB封装 */,
				EF0CCA8C1D5881070063719E /* UIColor */,
				EF0CCA871D587F110063719E /* NSDictionnary */,
				EF0CCA7D1D587E2F0063719E /* Encrypt加密 */,
				EF0CCA791D587C050063719E /* 网络请求工具类 */,
				EF0CCA6D1D5877380063719E /* 二维码 */,
			);
			path = Tools;
			sourceTree = "<group>";
		};
		EF0CCA6D1D5877380063719E /* 二维码 */ = {
			isa = PBXGroup;
			children = (
				EF0CCA6E1D5877380063719E /* OC */,
				EF0CCA6F1D5877380063719E /* SWIFT */,
			);
			path = "二维码";
			sourceTree = "<group>";
		};
		EF0CCA6E1D5877380063719E /* OC */ = {
			isa = PBXGroup;
			children = (
				EF0CCA701D5877600063719E /* QRCodeManager.h */,
				EF0CCA711D5877600063719E /* QRCodeManager.m */,
			);
			path = OC;
			sourceTree = "<group>";
		};
		EF0CCA6F1D5877380063719E /* SWIFT */ = {
			isa = PBXGroup;
			children = (
				EF0CCA771D587AC60063719E /* QRCodeManager.swift */,
			);
			path = SWIFT;
			sourceTree = "<group>";
		};
		EF0CCA791D587C050063719E /* 网络请求工具类 */ = {
			isa = PBXGroup;
			children = (
				EF0CCA7A1D587C1F0063719E /* DGLHttpTool.h */,
				EF0CCA7B1D587C1F0063719E /* DGLHttpTool.m */,
			);
			path = "网络请求工具类";
			sourceTree = "<group>";
		};
		EF0CCA7D1D587E2F0063719E /* Encrypt加密 */ = {
			isa = PBXGroup;
			children = (
				EF0CCA7E1D587E7C0063719E /* EncryptionTools.h */,
				EF0CCA7F1D587E7C0063719E /* EncryptionTools.m */,
				EF0CCA801D587E7C0063719E /* NSString+Hash.h */,
				EF0CCA811D587E7C0063719E /* NSString+Hash.m */,
				EF0CCA821D587E7C0063719E /* RSACryptor.h */,
				EF0CCA831D587E7C0063719E /* RSACryptor.m */,
			);
			path = "Encrypt加密";
			sourceTree = "<group>";
		};
		EF0CCA871D587F110063719E /* NSDictionnary */ = {
			isa = PBXGroup;
			children = (
				EF7005221D65D92E009C4566 /* NSDictionary+PropertyCode.h */,
				EF7005231D65D92E009C4566 /* NSDictionary+PropertyCode.m */,
				EF0CCA8A1D5880A70063719E /* NSDictionary+Log.m */,
			);
			path = NSDictionnary;
			sourceTree = "<group>";
		};
		EF0CCA8C1D5881070063719E /* UIColor */ = {
			isa = PBXGroup;
			children = (
				EF0CCA8D1D5881070063719E /* UIColor+Hex.h */,
				EF0CCA8E1D5881070063719E /* UIColor+Hex.m */,
			);
			path = UIColor;
			sourceTree = "<group>";
		};
		EF0CCA901D5881DF0063719E /* SQLite_FMDB封装 */ = {
			isa = PBXGroup;
			children = (
				EF0CCA911D58820B0063719E /* SQLiteManager.swift */,
			);
			path = "SQLite_FMDB封装";
			sourceTree = "<group>";
		};
		EF0CCA951D5883410063719E /* 动画相关 */ = {
			isa = PBXGroup;
			children = (
				EF0CCA961D5883410063719E /* PhotoBrowserAnimator.swift */,
			);
			path = "动画相关";
			sourceTree = "<group>";
		};
		EF0CCA981D5884220063719E /* UIImage相关 */ = {
			isa = PBXGroup;
			children = (
				EF7003BC1D656171009C4566 /* UIImage+GetColor.h */,
				EF7003BD1D656171009C4566 /* UIImage+GetColor.m */,
				EF0CCA991D5884220063719E /* UIImage+Render.h */,
				EF0CCA9A1D5884220063719E /* UIImage+Render.m */,
				EF0CCA9B1D5884220063719E /* UIImageView+Download.h */,
				EF0CCA9C1D5884220063719E /* UIImageView+Download.m */,
			);
			path = "UIImage相关";
			sourceTree = "<group>";
		};
		EF0CCAA31D58874A0063719E /* UIView相关 */ = {
			isa = PBXGroup;
			children = (
				EF0CCAA41D58874A0063719E /* UIView+Frame.h */,
				EF0CCAA51D58874A0063719E /* UIView+Frame.m */,
			);
			path = "UIView相关";
			sourceTree = "<group>";
		};
		EF0CCAA71D5887F80063719E /* File相关 */ = {
			isa = PBXGroup;
			children = (
				EF0CCAA81D5887F80063719E /* DGLFileManager.h */,
				EF0CCAA91D5887F80063719E /* DGLFileManager.m */,
			);
			path = "File相关";
			sourceTree = "<group>";
		};
		EF1648DA1D6EDC6F00B0BBAC /* 自定义播放 */ = {
			isa = PBXGroup;
			children = (
				EF1648E61D6EDDEB00B0BBAC /* resources */,
				EF1648DB1D6EDC6F00B0BBAC /* FullView.h */,
				EF1648DC1D6EDC6F00B0BBAC /* FullView.m */,
				EF1648DD1D6EDC6F00B0BBAC /* FullViewController.h */,
				EF1648DE1D6EDC6F00B0BBAC /* FullViewController.m */,
				EF1648DF1D6EDC6F00B0BBAC /* VideoPlayView.h */,
				EF1648E01D6EDC6F00B0BBAC /* VideoPlayView.m */,
				EF1648E11D6EDC6F00B0BBAC /* VideoPlayView.xib */,
			);
			path = "自定义播放";
			sourceTree = "<group>";
		};
		EF1648E61D6EDDEB00B0BBAC /* resources */ = {
			isa = PBXGroup;
			children = (
				EF1648E71D6EDDEB00B0BBAC /* bg_media_default@2x.jpg */,
				EF1648E81D6EDDEB00B0BBAC /* full_minimize_btn@2x.png */,
				EF1648E91D6EDDEB00B0BBAC /* full_minimize_btn@3x.png */,
				EF1648EA1D6EDDEB00B0BBAC /* full_minimize_btn_hl@2x.png */,
				EF1648EB1D6EDDEB00B0BBAC /* full_minimize_btn_hl@3x.png */,
				EF1648EC1D6EDDEB00B0BBAC /* full_pause_btn@2x.png */,
				EF1648ED1D6EDDEB00B0BBAC /* full_pause_btn@3x.png */,
				EF1648EE1D6EDDEB00B0BBAC /* full_pause_btn_hl@2x.png */,
				EF1648EF1D6EDDEB00B0BBAC /* full_pause_btn_hl@3x.png */,
				EF1648F01D6EDDEB00B0BBAC /* full_play_btn@2x.png */,
				EF1648F11D6EDDEB00B0BBAC /* full_play_btn@3x.png */,
				EF1648F21D6EDDEB00B0BBAC /* full_play_btn_hl@2x.png */,
				EF1648F31D6EDDEB00B0BBAC /* full_play_btn_hl@3x.png */,
				EF1648F41D6EDDEB00B0BBAC /* MaximumTrackImage@2x.png */,
				EF1648F51D6EDDEB00B0BBAC /* mini_launchFullScreen_btn_hl@2x.png */,
				EF1648F61D6EDDEB00B0BBAC /* mini_launchFullScreen_btn_hl@3x.png */,
				EF1648F71D6EDDEB00B0BBAC /* MinimumTrackImage@2x.png */,
				EF1648F81D6EDDEB00B0BBAC /* thumbImage@2x.png */,
			);
			path = resources;
			sourceTree = "<group>";
		};
		EF4E64E81D60B8FA0065F977 /* 左右TableView */ = {
			isa = PBXGroup;
			children = (
				EF4E64E91D60B8FA0065F977 /* LRTableView.swift */,
			);
			path = "左右TableView";
			sourceTree = "<group>";
		};
		EF62E65A1D79B3C2003B2DEA /* 字典转模型 */ = {
			isa = PBXGroup;
			children = (
				EF62E65B1D79B3C2003B2DEA /* NSObject+Model.h */,
				EF62E65C1D79B3C2003B2DEA /* NSObject+Model.m */,
			);
			path = "字典转模型";
			sourceTree = "<group>";
		};
		EFDC87D11D5A3B93007991DB /* 定位相关 */ = {
			isa = PBXGroup;
			children = (
				EFDC87D21D5A3B93007991DB /* LocationTools.swift */,
			);
			path = "定位相关";
			sourceTree = "<group>";
		};
/* End PBXGroup section */

/* Begin PBXNativeTarget section */
		EF0CCA511D5876C00063719E /* DGLTools */ = {
			isa = PBXNativeTarget;
			buildConfigurationList = EF0CCA691D5876C00063719E /* Build configuration list for PBXNativeTarget "DGLTools" */;
			buildPhases = (
				DC32EAF68004BEC134666BC2 /* [CP] Check Pods Manifest.lock */,
				EF0CCA4E1D5876C00063719E /* Sources */,
				EF0CCA4F1D5876C00063719E /* Frameworks */,
				EF0CCA501D5876C00063719E /* Resources */,
				3CF51E8EFC72BFC2B947BB0D /* [CP] Embed Pods Frameworks */,
				0A570072E5B8C81C5D3646ED /* [CP] Copy Pods Resources */,
			);
			buildRules = (
			);
			dependencies = (
			);
			name = DGLTools;
			productName = DGLTools;
			productReference = EF0CCA521D5876C00063719E /* DGLTools.app */;
			productType = "com.apple.product-type.application";
		};
/* End PBXNativeTarget section */

/* Begin PBXProject section */
		EF0CCA4A1D5876C00063719E /* Project object */ = {
			isa = PBXProject;
			attributes = {
				LastUpgradeCheck = 0730;
				ORGANIZATIONNAME = "丁贵林";
				TargetAttributes = {
					EF0CCA511D5876C00063719E = {
						CreatedOnToolsVersion = 7.3.1;
						DevelopmentTeam = VLZNZRGGG9;
					};
				};
			};
			buildConfigurationList = EF0CCA4D1D5876C00063719E /* Build configuration list for PBXProject "DGLTools" */;
			compatibilityVersion = "Xcode 3.2";
			developmentRegion = English;
			hasScannedForEncodings = 0;
			knownRegions = (
				en,
				Base,
			);
			mainGroup = EF0CCA491D5876C00063719E;
			productRefGroup = EF0CCA531D5876C00063719E /* Products */;
			projectDirPath = "";
			projectRoot = "";
			targets = (
				EF0CCA511D5876C00063719E /* DGLTools */,
			);
		};
/* End PBXProject section */

/* Begin PBXResourcesBuildPhase section */
		EF0CCA501D5876C00063719E /* Resources */ = {
			isa = PBXResourcesBuildPhase;
			buildActionMask = 2147483647;
			files = (
				EF0CCA651D5876C00063719E /* LaunchScreen.storyboard in Resources */,
				EF1648FB1D6EDDEB00B0BBAC /* full_minimize_btn@3x.png in Resources */,
				EF1649041D6EDDEB00B0BBAC /* full_play_btn_hl@2x.png in Resources */,
				EF1648FC1D6EDDEB00B0BBAC /* full_minimize_btn_hl@2x.png in Resources */,
				EF1649071D6EDDEB00B0BBAC /* mini_launchFullScreen_btn_hl@2x.png in Resources */,
				EF1649001D6EDDEB00B0BBAC /* full_pause_btn_hl@2x.png in Resources */,
				EF0CCA621D5876C00063719E /* Assets.xcassets in Resources */,
				EF1649031D6EDDEB00B0BBAC /* full_play_btn@3x.png in Resources */,
				EF1648FA1D6EDDEB00B0BBAC /* full_minimize_btn@2x.png in Resources */,
				EF1649021D6EDDEB00B0BBAC /* full_play_btn@2x.png in Resources */,
				EF1649011D6EDDEB00B0BBAC /* full_pause_btn_hl@3x.png in Resources */,
				EF1649091D6EDDEB00B0BBAC /* MinimumTrackImage@2x.png in Resources */,
				EF1648F91D6EDDEB00B0BBAC /* bg_media_default@2x.jpg in Resources */,
				EF1649061D6EDDEB00B0BBAC /* MaximumTrackImage@2x.png in Resources */,
				EF1649081D6EDDEB00B0BBAC /* mini_launchFullScreen_btn_hl@3x.png in Resources */,
				EF1649051D6EDDEB00B0BBAC /* full_play_btn_hl@3x.png in Resources */,
				EF1648E51D6EDC6F00B0BBAC /* VideoPlayView.xib in Resources */,
				EF1648FE1D6EDDEB00B0BBAC /* full_pause_btn@2x.png in Resources */,
				EF1648FD1D6EDDEB00B0BBAC /* full_minimize_btn_hl@3x.png in Resources */,
				EF16490A1D6EDDEB00B0BBAC /* thumbImage@2x.png in Resources */,
				EF1648FF1D6EDDEB00B0BBAC /* full_pause_btn@3x.png in Resources */,
				EF0CCA601D5876C00063719E /* Main.storyboard in Resources */,
			);
			runOnlyForDeploymentPostprocessing = 0;
		};
/* End PBXResourcesBuildPhase section */

/* Begin PBXShellScriptBuildPhase section */
		0A570072E5B8C81C5D3646ED /* [CP] Copy Pods Resources */ = {
			isa = PBXShellScriptBuildPhase;
			buildActionMask = 2147483647;
			files = (
			);
			inputPaths = (
			);
			name = "[CP] Copy Pods Resources";
			outputPaths = (
			);
			runOnlyForDeploymentPostprocessing = 0;
			shellPath = /bin/sh;
			shellScript = "\"${SRCROOT}/Pods/Target Support Files/Pods-DGLTools/Pods-DGLTools-resources.sh\"\n";
			showEnvVarsInLog = 0;
		};
		3CF51E8EFC72BFC2B947BB0D /* [CP] Embed Pods Frameworks */ = {
			isa = PBXShellScriptBuildPhase;
			buildActionMask = 2147483647;
			files = (
			);
			inputPaths = (
			);
			name = "[CP] Embed Pods Frameworks";
			outputPaths = (
			);
			runOnlyForDeploymentPostprocessing = 0;
			shellPath = /bin/sh;
			shellScript = "\"${SRCROOT}/Pods/Target Support Files/Pods-DGLTools/Pods-DGLTools-frameworks.sh\"\n";
			showEnvVarsInLog = 0;
		};
		DC32EAF68004BEC134666BC2 /* [CP] Check Pods Manifest.lock */ = {
			isa = PBXShellScriptBuildPhase;
			buildActionMask = 2147483647;
			files = (
			);
			inputPaths = (
			);
			name = "[CP] Check Pods Manifest.lock";
			outputPaths = (
			);
			runOnlyForDeploymentPostprocessing = 0;
			shellPath = /bin/sh;
			shellScript = "diff \"${PODS_ROOT}/../Podfile.lock\" \"${PODS_ROOT}/Manifest.lock\" > /dev/null\nif [[ $? != 0 ]] ; then\n    cat << EOM\nerror: The sandbox is not in sync with the Podfile.lock. Run 'pod install' or update your CocoaPods installation.\nEOM\n    exit 1\nfi\n";
			showEnvVarsInLog = 0;
		};
/* End PBXShellScriptBuildPhase section */

/* Begin PBXSourcesBuildPhase section */
		EF0CCA4E1D5876C00063719E /* Sources */ = {
			isa = PBXSourcesBuildPhase;
			buildActionMask = 2147483647;
			files = (
				EFDC87D31D5A3B93007991DB /* LocationTools.swift in Sources */,
				EF0CCA5D1D5876C00063719E /* ViewController.m in Sources */,
				0D2BDB4C1EE56351004693BB /* DGLGaugeView.m in Sources */,
				EF0CCA851D587E7C0063719E /* NSString+Hash.m in Sources */,
				EF0CCA5A1D5876C00063719E /* AppDelegate.m in Sources */,
				0D2BDB2F1EE560D1004693BB /* AUTJsonManager.m in Sources */,
				0D2BDB2D1EE560D1004693BB /* DGLCSVTool.m in Sources */,
				EF7003BE1D656171009C4566 /* UIImage+GetColor.m in Sources */,
				EF0CCA9E1D5884220063719E /* UIImageView+Download.m in Sources */,
				0D2BDB331EE5615A004693BB /* DGLLog.m in Sources */,
				0D2BDB371EE56239004693BB /* NSString+Regex.m in Sources */,
				EF62E65D1D79B3C2003B2DEA /* NSObject+Model.m in Sources */,
				EF0CCA921D58820B0063719E /* SQLiteManager.swift in Sources */,
				EF0CCA8B1D5880A70063719E /* NSDictionary+Log.m in Sources */,
				EF0CCA781D587AC60063719E /* QRCodeManager.swift in Sources */,
				EF0CCA571D5876C00063719E /* main.m in Sources */,
				EF0CCA841D587E7C0063719E /* EncryptionTools.m in Sources */,
				0D2BDB491EE56351004693BB /* UICoordinateDataView.m in Sources */,
				0D2BDB4B1EE56351004693BB /* UILiveDataGraphView.m in Sources */,
				EF1648E21D6EDC6F00B0BBAC /* FullView.m in Sources */,
				0D2BDB2E1EE560D1004693BB /* DGLPDFDrawer.m in Sources */,
				EF0CCA861D587E7C0063719E /* RSACryptor.m in Sources */,
				EF0CCAAA1D5887F80063719E /* DGLFileManager.m in Sources */,
				EF0CCA8F1D5881070063719E /* UIColor+Hex.m in Sources */,
				EF4E64EA1D60B8FA0065F977 /* LRTableView.swift in Sources */,
				EF1648E41D6EDC6F00B0BBAC /* VideoPlayView.m in Sources */,
				EF0CCA721D5877600063719E /* QRCodeManager.m in Sources */,
				0D2BDB481EE56351004693BB /* CoordinateDrawer.m in Sources */,
				0D2BDB471EE56351004693BB /* CoordinateContextTools.m in Sources */,
				EF0CCA7C1D587C1F0063719E /* DGLHttpTool.m in Sources */,
				EF0CCAA61D58874A0063719E /* UIView+Frame.m in Sources */,
				EFC33ECE1D6AF44D00787804 /* DGLFlowLayout.m in Sources */,
				EF0CCA971D5883410063719E /* PhotoBrowserAnimator.swift in Sources */,
				EF0215871D6AA6D2003F035F /* DGLWaterflowLayout.m in Sources */,
				EF7005241D65D92E009C4566 /* NSDictionary+PropertyCode.m in Sources */,
				EF0CCA9D1D5884220063719E /* UIImage+Render.m in Sources */,
				0D2BDB4A1EE56351004693BB /* UICoordinateView.m in Sources */,
				EF1648E31D6EDC6F00B0BBAC /* FullViewController.m in Sources */,
			);
			runOnlyForDeploymentPostprocessing = 0;
		};
/* End PBXSourcesBuildPhase section */

/* Begin PBXVariantGroup section */
		EF0CCA5E1D5876C00063719E /* Main.storyboard */ = {
			isa = PBXVariantGroup;
			children = (
				EF0CCA5F1D5876C00063719E /* Base */,
			);
			name = Main.storyboard;
			sourceTree = "<group>";
		};
		EF0CCA631D5876C00063719E /* LaunchScreen.storyboard */ = {
			isa = PBXVariantGroup;
			children = (
				EF0CCA641D5876C00063719E /* Base */,
			);
			name = LaunchScreen.storyboard;
			sourceTree = "<group>";
		};
/* End PBXVariantGroup section */

/* Begin XCBuildConfiguration section */
		EF0CCA671D5876C00063719E /* Debug */ = {
			isa = XCBuildConfiguration;
			buildSettings = {
				ALWAYS_SEARCH_USER_PATHS = NO;
				CLANG_ANALYZER_NONNULL = YES;
				CLANG_CXX_LANGUAGE_STANDARD = "gnu++0x";
				CLANG_CXX_LIBRARY = "libc++";
				CLANG_ENABLE_MODULES = YES;
				CLANG_ENABLE_OBJC_ARC = YES;
				CLANG_WARN_BOOL_CONVERSION = YES;
				CLANG_WARN_CONSTANT_CONVERSION = YES;
				CLANG_WARN_DIRECT_OBJC_ISA_USAGE = YES_ERROR;
				CLANG_WARN_EMPTY_BODY = YES;
				CLANG_WARN_ENUM_CONVERSION = YES;
				CLANG_WARN_INT_CONVERSION = YES;
				CLANG_WARN_OBJC_ROOT_CLASS = YES_ERROR;
				CLANG_WARN_UNREACHABLE_CODE = YES;
				CLANG_WARN__DUPLICATE_METHOD_MATCH = YES;
				"CODE_SIGN_IDENTITY[sdk=iphoneos*]" = "iPhone Developer";
				COPY_PHASE_STRIP = NO;
				DEBUG_INFORMATION_FORMAT = dwarf;
				ENABLE_STRICT_OBJC_MSGSEND = YES;
				ENABLE_TESTABILITY = YES;
				GCC_C_LANGUAGE_STANDARD = gnu99;
				GCC_DYNAMIC_NO_PIC = NO;
				GCC_NO_COMMON_BLOCKS = YES;
				GCC_OPTIMIZATION_LEVEL = 0;
				GCC_PREPROCESSOR_DEFINITIONS = (
					"DEBUG=1",
					"$(inherited)",
				);
				GCC_WARN_64_TO_32_BIT_CONVERSION = YES;
				GCC_WARN_ABOUT_RETURN_TYPE = YES_ERROR;
				GCC_WARN_UNDECLARED_SELECTOR = YES;
				GCC_WARN_UNINITIALIZED_AUTOS = YES_AGGRESSIVE;
				GCC_WARN_UNUSED_FUNCTION = YES;
				GCC_WARN_UNUSED_VARIABLE = YES;
				IPHONEOS_DEPLOYMENT_TARGET = 9.3;
				MTL_ENABLE_DEBUG_INFO = YES;
				ONLY_ACTIVE_ARCH = YES;
				SDKROOT = iphoneos;
			};
			name = Debug;
		};
		EF0CCA681D5876C00063719E /* Release */ = {
			isa = XCBuildConfiguration;
			buildSettings = {
				ALWAYS_SEARCH_USER_PATHS = NO;
				CLANG_ANALYZER_NONNULL = YES;
				CLANG_CXX_LANGUAGE_STANDARD = "gnu++0x";
				CLANG_CXX_LIBRARY = "libc++";
				CLANG_ENABLE_MODULES = YES;
				CLANG_ENABLE_OBJC_ARC = YES;
				CLANG_WARN_BOOL_CONVERSION = YES;
				CLANG_WARN_CONSTANT_CONVERSION = YES;
				CLANG_WARN_DIRECT_OBJC_ISA_USAGE = YES_ERROR;
				CLANG_WARN_EMPTY_BODY = YES;
				CLANG_WARN_ENUM_CONVERSION = YES;
				CLANG_WARN_INT_CONVERSION = YES;
				CLANG_WARN_OBJC_ROOT_CLASS = YES_ERROR;
				CLANG_WARN_UNREACHABLE_CODE = YES;
				CLANG_WARN__DUPLICATE_METHOD_MATCH = YES;
				"CODE_SIGN_IDENTITY[sdk=iphoneos*]" = "iPhone Developer";
				COPY_PHASE_STRIP = NO;
				DEBUG_INFORMATION_FORMAT = "dwarf-with-dsym";
				ENABLE_NS_ASSERTIONS = NO;
				ENABLE_STRICT_OBJC_MSGSEND = YES;
				GCC_C_LANGUAGE_STANDARD = gnu99;
				GCC_NO_COMMON_BLOCKS = YES;
				GCC_WARN_64_TO_32_BIT_CONVERSION = YES;
				GCC_WARN_ABOUT_RETURN_TYPE = YES_ERROR;
				GCC_WARN_UNDECLARED_SELECTOR = YES;
				GCC_WARN_UNINITIALIZED_AUTOS = YES_AGGRESSIVE;
				GCC_WARN_UNUSED_FUNCTION = YES;
				GCC_WARN_UNUSED_VARIABLE = YES;
				IPHONEOS_DEPLOYMENT_TARGET = 9.3;
				MTL_ENABLE_DEBUG_INFO = NO;
				SDKROOT = iphoneos;
				VALIDATE_PRODUCT = YES;
			};
			name = Release;
		};
		EF0CCA6A1D5876C00063719E /* Debug */ = {
			isa = XCBuildConfiguration;
			baseConfigurationReference = 95E9F4FDE6D17D68960FCD4C /* Pods-DGLTools.debug.xcconfig */;
			buildSettings = {
				ASSETCATALOG_COMPILER_APPICON_NAME = AppIcon;
				CLANG_ENABLE_MODULES = YES;
				DEFINES_MODULE = YES;
				ENABLE_STRICT_OBJC_MSGSEND = NO;
				INFOPLIST_FILE = DGLTools/Info.plist;
				LD_RUNPATH_SEARCH_PATHS = "$(inherited) @executable_path/Frameworks";
				PRODUCT_BUNDLE_IDENTIFIER = DGL.DGLTools;
				PRODUCT_NAME = "$(TARGET_NAME)";
				SWIFT_INSTALL_OBJC_HEADER = YES;
				SWIFT_OBJC_BRIDGING_HEADER = "";
				SWIFT_OPTIMIZATION_LEVEL = "-Onone";
			};
			name = Debug;
		};
		EF0CCA6B1D5876C00063719E /* Release */ = {
			isa = XCBuildConfiguration;
			baseConfigurationReference = A765C8F9E35BFDF9E940BED9 /* Pods-DGLTools.release.xcconfig */;
			buildSettings = {
				ASSETCATALOG_COMPILER_APPICON_NAME = AppIcon;
				CLANG_ENABLE_MODULES = YES;
				DEFINES_MODULE = YES;
				ENABLE_STRICT_OBJC_MSGSEND = NO;
				INFOPLIST_FILE = DGLTools/Info.plist;
				LD_RUNPATH_SEARCH_PATHS = "$(inherited) @executable_path/Frameworks";
				PRODUCT_BUNDLE_IDENTIFIER = DGL.DGLTools;
				PRODUCT_NAME = "$(TARGET_NAME)";
				SWIFT_INSTALL_OBJC_HEADER = YES;
				SWIFT_OBJC_BRIDGING_HEADER = "";
			};
			name = Release;
		};
/* End XCBuildConfiguration section */

/* Begin XCConfigurationList section */
		EF0CCA4D1D5876C00063719E /* Build configuration list for PBXProject "DGLTools" */ = {
			isa = XCConfigurationList;
			buildConfigurations = (
				EF0CCA671D5876C00063719E /* Debug */,
				EF0CCA681D5876C00063719E /* Release */,
			);
			defaultConfigurationIsVisible = 0;
			defaultConfigurationName = Release;
		};
		EF0CCA691D5876C00063719E /* Build configuration list for PBXNativeTarget "DGLTools" */ = {
			isa = XCConfigurationList;
			buildConfigurations = (
				EF0CCA6A1D5876C00063719E /* Debug */,
				EF0CCA6B1D5876C00063719E /* Release */,
			);
			defaultConfigurationIsVisible = 0;
			defaultConfigurationName = Release;
		};
/* End XCConfigurationList section */
	};
	rootObject = EF0CCA4A1D5876C00063719E /* Project object */;
}
